Microsoft Visual Studio Solution File, Format Version 12.00
# Visual Studio Version 16
VisualStudioVersion = 16.0.0.0
MinimumVisualStudioVersion = 16.0.0.0
Project("{9A19103F-16F7-4668-BE54-9A1E7A4F7556}") = "CPM.Server", "Server\CPM.Server.csproj", "{5FA16191-1E76-429A-A387-522B242B0A82}"
EndProject
Project("{9A19103F-16F7-4668-BE54-9A1E7A4F7556}") = "CPM.Client", "Client\CPM.Client.csproj", "{0A3634C6-BA21-4A45-B9CA-0B6EFC05C881}"
EndProject
Project("{9A19103F-16F7-4668-BE54-9A1E7A4F7556}") = "CPM.Shared", "Shared\CPM.Shared.csproj", "{95267789-0FC0-4538-8DE9-E240B4FC0434}"
EndProject
Project("{FAE04EC0-301F-11D3-BF4B-00C04F79EFBC}") = "Server.Tests", "Server.Tests\Server.Tests.csproj", "{C40548D4-34A9-4E6C-8C3C-EDCEB978AC90}"
EndProject
Project("{FAE04EC0-301F-11D3-BF4B-00C04F79EFBC}") = "WPF.Client", "WPF.Client\WPF.Client.csproj", "{CD591133-DB96-4F6F-B7AF-B86A5C8C4400}"
EndProject
Global
	GlobalSection(SolutionConfigurationPlatforms) = preSolution
		Debug|Any CPU = Debug|Any CPU
		Debug|x64 = Debug|x64
		Debug|x86 = Debug|x86
		Release|Any CPU = Release|Any CPU
		Release|x64 = Release|x64
		Release|x86 = Release|x86
	EndGlobalSection
	GlobalSection(ProjectConfigurationPlatforms) = postSolution
		{0A3634C6-BA21-4A45-B9CA-0B6EFC05C881}.Debug|Any CPU.ActiveCfg = Debug|Any CPU
		{0A3634C6-BA21-4A45-B9CA-0B6EFC05C881}.Debug|Any CPU.Build.0 = Debug|Any CPU
		{0A3634C6-BA21-4A45-B9CA-0B6EFC05C881}.Debug|x64.ActiveCfg = Debug|Any CPU
		{0A3634C6-BA21-4A45-B9CA-0B6EFC05C881}.Debug|x64.Build.0 = Debug|Any CPU
		{0A3634C6-BA21-4A45-B9CA-0B6EFC05C881}.Debug|x86.ActiveCfg = Debug|Any CPU
		{0A3634C6-BA21-4A45-B9CA-0B6EFC05C881}.Debug|x86.Build.0 = Debug|Any CPU
		{0A3634C6-BA21-4A45-B9CA-0B6EFC05C881}.Release|Any CPU.ActiveCfg = Release|Any CPU
		{0A3634C6-BA21-4A45-B9CA-0B6EFC05C881}.Release|Any CPU.Build.0 = Release|Any CPU
		{0A3634C6-BA21-4A45-B9CA-0B6EFC05C881}.Release|x64.ActiveCfg = Release|Any CPU
		{0A3634C6-BA21-4A45-B9CA-0B6EFC05C881}.Release|x64.Build.0 = Release|Any CPU
		{0A3634C6-BA21-4A45-B9CA-0B6EFC05C881}.Release|x86.ActiveCfg = Release|Any CPU
		{0A3634C6-BA21-4A45-B9CA-0B6EFC05C881}.Release|x86.Build.0 = Release|Any CPU
		{5FA16191-1E76-429A-A387-522B242B0A82}.Debug|Any CPU.ActiveCfg = Debug|Any CPU
		{5FA16191-1E76-429A-A387-522B242B0A82}.Debug|Any CPU.Build.0 = Debug|Any CPU
		{5FA16191-1E76-429A-A387-522B242B0A82}.Debug|x64.ActiveCfg = Debug|Any CPU
		{5FA16191-1E76-429A-A387-522B242B0A82}.Debug|x64.Build.0 = Debug|Any CPU
		{5FA16191-1E76-429A-A387-522B242B0A82}.Debug|x86.ActiveCfg = Debug|Any CPU
		{5FA16191-1E76-429A-A387-522B242B0A82}.Debug|x86.Build.0 = Debug|Any CPU
		{5FA16191-1E76-429A-A387-522B242B0A82}.Release|Any CPU.ActiveCfg = Release|Any CPU
		{5FA16191-1E76-429A-A387-522B242B0A82}.Release|Any CPU.Build.0 = Release|Any CPU
		{5FA16191-1E76-429A-A387-522B242B0A82}.Release|x64.ActiveCfg = Release|Any CPU
		{5FA16191-1E76-429A-A387-522B242B0A82}.Release|x64.Build.0 = Release|Any CPU
		{5FA16191-1E76-429A-A387-522B242B0A82}.Release|x86.ActiveCfg = Release|Any CPU
		{5FA16191-1E76-429A-A387-522B242B0A82}.Release|x86.Build.0 = Release|Any CPU
		{95267789-0FC0-4538-8DE9-E240B4FC0434}.Debug|Any CPU.ActiveCfg = Debug|Any CPU
		{95267789-0FC0-4538-8DE9-E240B4FC0434}.Debug|Any CPU.Build.0 = Debug|Any CPU
		{95267789-0FC0-4538-8DE9-E240B4FC0434}.Debug|x64.ActiveCfg = Debug|Any CPU
		{95267789-0FC0-4538-8DE9-E240B4FC0434}.Debug|x64.Build.0 = Debug|Any CPU
		{95267789-0FC0-4538-8DE9-E240B4FC0434}.Debug|x86.ActiveCfg = Debug|Any CPU
		{95267789-0FC0-4538-8DE9-E240B4FC0434}.Debug|x86.Build.0 = Debug|Any CPU
		{95267789-0FC0-4538-8DE9-E240B4FC0434}.Release|Any CPU.ActiveCfg = Release|Any CPU
		{95267789-0FC0-4538-8DE9-E240B4FC0434}.Release|Any CPU.Build.0 = Release|Any CPU
		{95267789-0FC0-4538-8DE9-E240B4FC0434}.Release|x64.ActiveCfg = Release|Any CPU
		{95267789-0FC0-4538-8DE9-E240B4FC0434}.Release|x64.Build.0 = Release|Any CPU
		{95267789-0FC0-4538-8DE9-E240B4FC0434}.Release|x86.ActiveCfg = Release|Any CPU
		{95267789-0FC0-4538-8DE9-E240B4FC0434}.Release|x86.Build.0 = Release|Any CPU
		{C40548D4-34A9-4E6C-8C3C-EDCEB978AC90}.Debug|Any CPU.ActiveCfg = Debug|Any CPU
		{C40548D4-34A9-4E6C-8C3C-EDCEB978AC90}.Debug|Any CPU.Build.0 = Debug|Any CPU
		{C40548D4-34A9-4E6C-8C3C-EDCEB978AC90}.Debug|x64.ActiveCfg = Debug|Any CPU
		{C40548D4-34A9-4E6C-8C3C-EDCEB978AC90}.Debug|x64.Build.0 = Debug|Any CPU
		{C40548D4-34A9-4E6C-8C3C-EDCEB978AC90}.Debug|x86.ActiveCfg = Debug|Any CPU
		{C40548D4-34A9-4E6C-8C3C-EDCEB978AC90}.Debug|x86.Build.0 = Debug|Any CPU
		{C40548D4-34A9-4E6C-8C3C-EDCEB978AC90}.Release|Any CPU.ActiveCfg = Release|Any CPU
		{C40548D4-34A9-4E6C-8C3C-EDCEB978AC90}.Release|Any CPU.Build.0 = Release|Any CPU
		{C40548D4-34A9-4E6C-8C3C-EDCEB978AC90}.Release|x64.ActiveCfg = Release|Any CPU
		{C40548D4-34A9-4E6C-8C3C-EDCEB978AC90}.Release|x64.Build.0 = Release|Any CPU
		{C40548D4-34A9-4E6C-8C3C-EDCEB978AC90}.Release|x86.ActiveCfg = Release|Any CPU
		{C40548D4-34A9-4E6C-8C3C-EDCEB978AC90}.Release|x86.Build.0 = Release|Any CPU
		{CD591133-DB96-4F6F-B7AF-B86A5C8C4400}.Debug|Any CPU.ActiveCfg = Debug|Any CPU
		{CD591133-DB96-4F6F-B7AF-B86A5C8C4400}.Debug|Any CPU.Build.0 = Debug|Any CPU
		{CD591133-DB96-4F6F-B7AF-B86A5C8C4400}.Debug|x64.ActiveCfg = Debug|Any CPU
		{CD591133-DB96-4F6F-B7AF-B86A5C8C4400}.Debug|x64.Build.0 = Debug|Any CPU
		{CD591133-DB96-4F6F-B7AF-B86A5C8C4400}.Debug|x86.ActiveCfg = Debug|Any CPU
		{CD591133-DB96-4F6F-B7AF-B86A5C8C4400}.Debug|x86.Build.0 = Debug|Any CPU
		{CD591133-DB96-4F6F-B7AF-B86A5C8C4400}.Release|Any CPU.ActiveCfg = Release|Any CPU
		{CD591133-DB96-4F6F-B7AF-B86A5C8C4400}.Release|Any CPU.Build.0 = Release|Any CPU
		{CD591133-DB96-4F6F-B7AF-B86A5C8C4400}.Release|x64.ActiveCfg = Release|Any CPU
		{CD591133-DB96-4F6F-B7AF-B86A5C8C4400}.Release|x64.Build.0 = Release|Any CPU
		{CD591133-DB96-4F6F-B7AF-B86A5C8C4400}.Release|x86.ActiveCfg = Release|Any CPU
		{CD591133-DB96-4F6F-B7AF-B86A5C8C4400}.Release|x86.Build.0 = Release|Any CPU
	EndGlobalSection
	GlobalSection(SolutionProperties) = preSolution
		HideSolutionNode = FALSE
	EndGlobalSection
	GlobalSection(ExtensibilityGlobals) = postSolution
		SolutionGuid = {21157FAA-26FE-4076-AADF-923AE3337CA7}
	EndGlobalSection
EndGlobal
